
Microsoft Visual Studio Solution File, Format Version 12.00
# Visual Studio 15
VisualStudioVersion = 15.0.28307.489
MinimumVisualStudioVersion = 10.0.40219.1
Project("{FAE04EC0-301F-11D3-BF4B-00C04F79EFBC}") = "PowerShellHost.Tests", "PowerShellHost.Tests\PowerShellHost.Tests.csproj", "{ADD98900-602C-478E-BF91-050041101002}"
EndProject
Project("{FAE04EC0-301F-11D3-BF4B-00C04F79EFBC}") = "PowerShellHost", "PowerShellHost\PowerShellHost.csproj", "{BBAB28A1-498E-4DF2-84D7-D98BA37EC2E0}"
EndProject
Global
	GlobalSection(SolutionConfigurationPlatforms) = preSolution
		Debug|Any CPU = Debug|Any CPU
		Release|Any CPU = Release|Any CPU
	EndGlobalSection
	GlobalSection(ProjectConfigurationPlatforms) = postSolution
		{ADD98900-602C-478E-BF91-050041101002}.Debug|Any CPU.ActiveCfg = Debug|Any CPU
		{ADD98900-602C-478E-BF91-050041101002}.Debug|Any CPU.Build.0 = Debug|Any CPU
		{ADD98900-602C-478E-BF91-050041101002}.Release|Any CPU.ActiveCfg = Release|Any CPU
		{ADD98900-602C-478E-BF91-050041101002}.Release|Any CPU.Build.0 = Release|Any CPU
		{BBAB28A1-498E-4DF2-84D7-D98BA37EC2E0}.Debug|Any CPU.ActiveCfg = Debug|Any CPU
		{BBAB28A1-498E-4DF2-84D7-D98BA37EC2E0}.Debug|Any CPU.Build.0 = Debug|Any CPU
		{BBAB28A1-498E-4DF2-84D7-D98BA37EC2E0}.Release|Any CPU.ActiveCfg = Release|Any CPU
		{BBAB28A1-498E-4DF2-84D7-D98BA37EC2E0}.Release|Any CPU.Build.0 = Release|Any CPU
	EndGlobalSection
	GlobalSection(SolutionProperties) = preSolution
		HideSolutionNode = FALSE
	EndGlobalSection
	GlobalSection(ExtensibilityGlobals) = postSolution
		SolutionGuid = {DC587234-6C49-48F3-9846-C95EA5382EC3}
	EndGlobalSection
EndGlobal
